
Microsoft Visual Studio Solution File, Format Version 12.00
# Visual Studio Version 17
VisualStudioVersion = 17.3.32819.101
MinimumVisualStudioVersion = 10.0.40219.1
Project("{FAE04EC0-301F-11D3-BF4B-00C04F79EFBC}") = "lista_uczestnikow", "lista_uczestnikow\lista_uczestnikow.csproj", "{CF46DF80-AA27-4ABB-B5BD-A412A7CD6EAF}"
EndProject
Global
	GlobalSection(SolutionConfigurationPlatforms) = preSolution
		Debug|Any CPU = Debug|Any CPU
		Release|Any CPU = Release|Any CPU
	EndGlobalSection
	GlobalSection(ProjectConfigurationPlatforms) = postSolution
		{CF46DF80-AA27-4ABB-B5BD-A412A7CD6EAF}.Debug|Any CPU.ActiveCfg = Debug|Any CPU
		{CF46DF80-AA27-4ABB-B5BD-A412A7CD6EAF}.Debug|Any CPU.Build.0 = Debug|Any CPU
		{CF46DF80-AA27-4ABB-B5BD-A412A7CD6EAF}.Release|Any CPU.ActiveCfg = Release|Any CPU
		{CF46DF80-AA27-4ABB-B5BD-A412A7CD6EAF}.Release|Any CPU.Build.0 = Release|Any CPU
	EndGlobalSection
	GlobalSection(SolutionProperties) = preSolution
		HideSolutionNode = FALSE
	EndGlobalSection
	GlobalSection(ExtensibilityGlobals) = postSolution
		SolutionGuid = {CAF495E8-94DE-462A-843C-698FE8CEBCDB}
	EndGlobalSection
EndGlobal
